
Microsoft Visual Studio Solution File, Format Version 12.00
# Visual Studio Version 17
VisualStudioVersion = 17.6.33829.357
MinimumVisualStudioVersion = 10.0.40219.1
Project("{9A19103F-16F7-4668-BE54-9A1E7A4F7556}") = "Chess-Challenge", "Chess-Challenge.csproj", "{07E41A86-73DB-4E9C-8454-5FA8A7A8D7C7}"
EndProject
Global
	GlobalSection(SolutionConfigurationPlatforms) = preSolution
		Debug|Any CPU = Debug|Any CPU
		Release|Any CPU = Release|Any CPU
	EndGlobalSection
	GlobalSection(ProjectConfigurationPlatforms) = postSolution
		{07E41A86-73DB-4E9C-8454-5FA8A7A8D7C7}.Debug|Any CPU.ActiveCfg = Debug|Any CPU
		{07E41A86-73DB-4E9C-8454-5FA8A7A8D7C7}.Debug|Any CPU.Build.0 = Debug|Any CPU
		{07E41A86-73DB-4E9C-8454-5FA8A7A8D7C7}.Release|Any CPU.ActiveCfg = Release|Any CPU
		{07E41A86-73DB-4E9C-8454-5FA8A7A8D7C7}.Release|Any CPU.Build.0 = Release|Any CPU
	EndGlobalSection
	GlobalSection(SolutionProperties) = preSolution
		HideSolutionNode = FALSE
	EndGlobalSection
	GlobalSection(ExtensibilityGlobals) = postSolution
		SolutionGuid = {B94D2668-0FD0-4B5B-B96A-17A407E9F0EE}
	EndGlobalSection
EndGlobal
